{
  "requirement_extraction@2026-09-06.1": "509ff58d59198086ec782126ee2d0347a4e85d255a7e87228ab8faa6341e7a4e",
  "requirement_extraction@2026-09-06.2": "f4d585a2665d52edc1cfed9ab87f60fededfe0d93f27d088b57094c3453bfa5c",
  "requirement_extraction@2026-09-06.3": "dfcedc62b86ec4385285e4b2b385474241b7251c21ce6a8f4a301fe21ef397a0"
}
